
Microsoft Visual Studio Solution File, Format Version 12.00
# Visual Studio 15
VisualStudioVersion = 15.0.27703.2042
MinimumVisualStudioVersion = 10.0.40219.1
Project("{FAE04EC0-301F-11D3-BF4B-00C04F79EFBC}") = "7.06", "7.06\7.06.csproj", "{3DD1B6BF-FF24-4668-95C0-91F81DAFB9EA}"
EndProject
Global
	GlobalSection(SolutionConfigurationPlatforms) = preSolution
		Debug|Any CPU = Debug|Any CPU
		Release|Any CPU = Release|Any CPU
	EndGlobalSection
	GlobalSection(ProjectConfigurationPlatforms) = postSolution
		{3DD1B6BF-FF24-4668-95C0-91F81DAFB9EA}.Debug|Any CPU.ActiveCfg = Debug|Any CPU
		{3DD1B6BF-FF24-4668-95C0-91F81DAFB9EA}.Debug|Any CPU.Build.0 = Debug|Any CPU
		{3DD1B6BF-FF24-4668-95C0-91F81DAFB9EA}.Release|Any CPU.ActiveCfg = Release|Any CPU
		{3DD1B6BF-FF24-4668-95C0-91F81DAFB9EA}.Release|Any CPU.Build.0 = Release|Any CPU
	EndGlobalSection
	GlobalSection(SolutionProperties) = preSolution
		HideSolutionNode = FALSE
	EndGlobalSection
	GlobalSection(ExtensibilityGlobals) = postSolution
		SolutionGuid = {479C0D87-5009-4215-99B9-ED2179D70334}
	EndGlobalSection
EndGlobal
